<?xml version="1.0" encoding="UTF-8"?>
<Scheme
   version = "1.3">
   <BuildAction>
      <BuildActionEntries>
         <BuildActionEntry
            buildForRunning = "YES">
            <BuildableReference
               BuildableIdentifier = "primary"
               BlueprintIdentifier = "511F466428C7BC0F00F8E0D3"
               BuildableName = "SzukajGry.app"
               BlueprintName = "SzukajGry"
               ReferencedContainer = "container:SzukajGry.xcodeproj">
            </BuildableReference>
         </BuildActionEntry>
      </BuildActionEntries>
   </BuildAction>
   <LaunchAction
      useCustomWorkingDirectory = "NO"
      buildConfiguration = "Debug"
      allowLocationSimulation = "YES">
      <BuildableProductRunnable>
         <BuildableReference
            BuildableIdentifier = "primary"
            BlueprintIdentifier = "511F466428C7BC0F00F8E0D3"
            BuildableName = "SzukajGry.app"
            BlueprintName = "SzukajGry"
            ReferencedContainer = "container:SzukajGry.xcodeproj">
         </BuildableReference>
      </BuildableProductRunnable>
   </LaunchAction>
</Scheme>
